// !$*UTF8*$!
{
	archiveVersion = 1;
	classes = {
	};
	objectVersion = 50;
	objects = {

/* Begin PBXBuildFile section */
		7E916A9827347D8900185CA5 /* AppDelegate.swift in Sources */ = {isa = PBXBuildFile; fileRef = 7E916A9727347D8900185CA5 /* AppDelegate.swift */; };
		7E916A9A27347D8900185CA5 /* SceneDelegate.swift in Sources */ = {isa = PBXBuildFile; fileRef = 7E916A9927347D8900185CA5 /* SceneDelegate.swift */; };
		7E916A9C27347D8900185CA5 /* ViewController.swift in Sources */ = {isa = PBXBuildFile; fileRef = 7E916A9B27347D8900185CA5 /* ViewController.swift */; };
		7E916A9F27347D8900185CA5 /* Main.storyboard in Resources */ = {isa = PBXBuildFile; fileRef = 7E916A9D27347D8900185CA5 /* Main.storyboard */; };
		7E916AA127347D8B00185CA5 /* Assets.xcassets in Resources */ = {isa = PBXBuildFile; fileRef = 7E916AA027347D8B00185CA5 /* Assets.xcassets */; };
		7E916AA427347D8B00185CA5 /* LaunchScreen.storyboard in Resources */ = {isa = PBXBuildFile; fileRef = 7E916AA227347D8B00185CA5 /* LaunchScreen.storyboard */; };
		C7E4C108273492B100646572 /* LoginViewController.swift in Sources */ = {isa = PBXBuildFile; fileRef = C7E4C107273492B100646572 /* LoginViewController.swift */; };
		C7E4C10A2734932800646572 /* SetupViewController.swift in Sources */ = {isa = PBXBuildFile; fileRef = C7E4C1092734932800646572 /* SetupViewController.swift */; };
		C7E4C10C2734933C00646572 /* MessagesViewController.swift in Sources */ = {isa = PBXBuildFile; fileRef = C7E4C10B2734933C00646572 /* MessagesViewController.swift */; };
		C7E4C10E2734934D00646572 /* ProfileViewController.swift in Sources */ = {isa = PBXBuildFile; fileRef = C7E4C10D2734934D00646572 /* ProfileViewController.swift */; };
		C7E4C1102734935D00646572 /* ContactsViewController.swift in Sources */ = {isa = PBXBuildFile; fileRef = C7E4C10F2734935D00646572 /* ContactsViewController.swift */; };
/* End PBXBuildFile section */

/* Begin PBXFileReference section */
		7E916A9427347D8900185CA5 /* ChatNow.app */ = {isa = PBXFileReference; explicitFileType = wrapper.application; includeInIndex = 0; path = ChatNow.app; sourceTree = BUILT_PRODUCTS_DIR; };
		7E916A9727347D8900185CA5 /* AppDelegate.swift */ = {isa = PBXFileReference; lastKnownFileType = sourcecode.swift; path = AppDelegate.swift; sourceTree = "<group>"; };
		7E916A9927347D8900185CA5 /* SceneDelegate.swift */ = {isa = PBXFileReference; lastKnownFileType = sourcecode.swift; path = SceneDelegate.swift; sourceTree = "<group>"; };
		7E916A9B27347D8900185CA5 /* ViewController.swift */ = {isa = PBXFileReference; lastKnownFileType = sourcecode.swift; path = ViewController.swift; sourceTree = "<group>"; };
		7E916A9E27347D8900185CA5 /* Base */ = {isa = PBXFileReference; lastKnownFileType = file.storyboard; name = Base; path = Base.lproj/Main.storyboard; sourceTree = "<group>"; };
		7E916AA027347D8B00185CA5 /* Assets.xcassets */ = {isa = PBXFileReference; lastKnownFileType = folder.assetcatalog; path = Assets.xcassets; sourceTree = "<group>"; };
		7E916AA327347D8B00185CA5 /* Base */ = {isa = PBXFileReference; lastKnownFileType = file.storyboard; name = Base; path = Base.lproj/LaunchScreen.storyboard; sourceTree = "<group>"; };
		7E916AA527347D8B00185CA5 /* Info.plist */ = {isa = PBXFileReference; lastKnownFileType = text.plist.xml; path = Info.plist; sourceTree = "<group>"; };
		C7E4C107273492B100646572 /* LoginViewController.swift */ = {isa = PBXFileReference; lastKnownFileType = sourcecode.swift; path = LoginViewController.swift; sourceTree = "<group>"; };
		C7E4C1092734932800646572 /* SetupViewController.swift */ = {isa = PBXFileReference; lastKnownFileType = sourcecode.swift; path = SetupViewController.swift; sourceTree = "<group>"; };
		C7E4C10B2734933C00646572 /* MessagesViewController.swift */ = {isa = PBXFileReference; lastKnownFileType = sourcecode.swift; path = MessagesViewController.swift; sourceTree = "<group>"; };
		C7E4C10D2734934D00646572 /* ProfileViewController.swift */ = {isa = PBXFileReference; lastKnownFileType = sourcecode.swift; path = ProfileViewController.swift; sourceTree = "<group>"; };
		C7E4C10F2734935D00646572 /* ContactsViewController.swift */ = {isa = PBXFileReference; lastKnownFileType = sourcecode.swift; path = ContactsViewController.swift; sourceTree = "<group>"; };
/* End PBXFileReference section */

/* Begin PBXFrameworksBuildPhase section */
		7E916A9127347D8900185CA5 /* Frameworks */ = {
			isa = PBXFrameworksBuildPhase;
			buildActionMask = 2147483647;
			files = (
			);
			runOnlyForDeploymentPostprocessing = 0;
		};
/* End PBXFrameworksBuildPhase section */

/* Begin PBXGroup section */
		7E916A8B27347D8900185CA5 = {
			isa = PBXGroup;
			children = (
				7E916A9627347D8900185CA5 /* ChatNow */,
				7E916A9527347D8900185CA5 /* Products */,
			);
			sourceTree = "<group>";
		};
		7E916A9527347D8900185CA5 /* Products */ = {
			isa = PBXGroup;
			children = (
				7E916A9427347D8900185CA5 /* ChatNow.app */,
			);
			name = Products;
			sourceTree = "<group>";
		};
		7E916A9627347D8900185CA5 /* ChatNow */ = {
			isa = PBXGroup;
			children = (
				7E916A9727347D8900185CA5 /* AppDelegate.swift */,
				7E916A9927347D8900185CA5 /* SceneDelegate.swift */,
				7E916A9B27347D8900185CA5 /* ViewController.swift */,
				7E916A9D27347D8900185CA5 /* Main.storyboard */,
				7E916AA027347D8B00185CA5 /* Assets.xcassets */,
				7E916AA227347D8B00185CA5 /* LaunchScreen.storyboard */,
				7E916AA527347D8B00185CA5 /* Info.plist */,
				C7E4C107273492B100646572 /* LoginViewController.swift */,
				C7E4C1092734932800646572 /* SetupViewController.swift */,
				C7E4C10B2734933C00646572 /* MessagesViewController.swift */,
				C7E4C10D2734934D00646572 /* ProfileViewController.swift */,
				C7E4C10F2734935D00646572 /* ContactsViewController.swift */,
			);
			path = ChatNow;
			sourceTree = "<group>";
		};
/* End PBXGroup section */

/* Begin PBXNativeTarget section */
		7E916A9327347D8900185CA5 /* ChatNow */ = {
			isa = PBXNativeTarget;
			buildConfigurationList = 7E916AA827347D8B00185CA5 /* Build configuration list for PBXNativeTarget "ChatNow" */;
			buildPhases = (
				7E916A9027347D8900185CA5 /* Sources */,
				7E916A9127347D8900185CA5 /* Frameworks */,
				7E916A9227347D8900185CA5 /* Resources */,
			);
			buildRules = (
			);
			dependencies = (
			);
			name = ChatNow;
			productName = ChatNow;
			productReference = 7E916A9427347D8900185CA5 /* ChatNow.app */;
			productType = "com.apple.product-type.application";
		};
/* End PBXNativeTarget section */

/* Begin PBXProject section */
		7E916A8C27347D8900185CA5 /* Project object */ = {
			isa = PBXProject;
			attributes = {
				LastSwiftUpdateCheck = 1250;
				LastUpgradeCheck = 1250;
				TargetAttributes = {
					7E916A9327347D8900185CA5 = {
						CreatedOnToolsVersion = 12.5.1;
					};
				};
			};
			buildConfigurationList = 7E916A8F27347D8900185CA5 /* Build configuration list for PBXProject "ChatNow" */;
			compatibilityVersion = "Xcode 9.3";
			developmentRegion = en;
			hasScannedForEncodings = 0;
			knownRegions = (
				en,
				Base,
			);
			mainGroup = 7E916A8B27347D8900185CA5;
			productRefGroup = 7E916A9527347D8900185CA5 /* Products */;
			projectDirPath = "";
			projectRoot = "";
			targets = (
				7E916A9327347D8900185CA5 /* ChatNow */,
			);
		};
/* End PBXProject section */

/* Begin PBXResourcesBuildPhase section */
		7E916A9227347D8900185CA5 /* Resources */ = {
			isa = PBXResourcesBuildPhase;
			buildActionMask = 2147483647;
			files = (
				7E916AA427347D8B00185CA5 /* LaunchScreen.storyboard in Resources */,
				7E916AA127347D8B00185CA5 /* Assets.xcassets in Resources */,
				7E916A9F27347D8900185CA5 /* Main.storyboard in Resources */,
			);
			runOnlyForDeploymentPostprocessing = 0;
		};
/* End PBXResourcesBuildPhase section */

/* Begin PBXSourcesBuildPhase section */
		7E916A9027347D8900185CA5 /* Sources */ = {
			isa = PBXSourcesBuildPhase;
			buildActionMask = 2147483647;
			files = (
				C7E4C10C2734933C00646572 /* MessagesViewController.swift in Sources */,
				C7E4C108273492B100646572 /* LoginViewController.swift in Sources */,
				7E916A9C27347D8900185CA5 /* ViewController.swift in Sources */,
				7E916A9827347D8900185CA5 /* AppDelegate.swift in Sources */,
				C7E4C10E2734934D00646572 /* ProfileViewController.swift in Sources */,
				C7E4C1102734935D00646572 /* ContactsViewController.swift in Sources */,
				7E916A9A27347D8900185CA5 /* SceneDelegate.swift in Sources */,
				C7E4C10A2734932800646572 /* SetupViewController.swift in Sources */,
			);
			runOnlyForDeploymentPostprocessing = 0;
		};
/* End PBXSourcesBuildPhase section */

/* Begin PBXVariantGroup section */
		7E916A9D27347D8900185CA5 /* Main.storyboard */ = {
			isa = PBXVariantGroup;
			children = (
				7E916A9E27347D8900185CA5 /* Base */,
			);
			name = Main.storyboard;
			sourceTree = "<group>";
		};
		7E916AA227347D8B00185CA5 /* LaunchScreen.storyboard */ = {
			isa = PBXVariantGroup;
			children = (
				7E916AA327347D8B00185CA5 /* Base */,
			);
			name = LaunchScreen.storyboard;
			sourceTree = "<group>";
		};
/* End PBXVariantGroup section */

/* Begin XCBuildConfiguration section */
		7E916AA627347D8B00185CA5 /* Debug */ = {
			isa = XCBuildConfiguration;
			buildSettings = {
				ALWAYS_SEARCH_USER_PATHS = NO;
				CLANG_ANALYZER_NONNULL = YES;
				CLANG_ANALYZER_NUMBER_OBJECT_CONVERSION = YES_AGGRESSIVE;
				CLANG_CXX_LANGUAGE_STANDARD = "gnu++14";
				CLANG_CXX_LIBRARY = "libc++";
				CLANG_ENABLE_MODULES = YES;
				CLANG_ENABLE_OBJC_ARC = YES;
				CLANG_ENABLE_OBJC_WEAK = YES;
				CLANG_WARN_BLOCK_CAPTURE_AUTORELEASING = YES;
				CLANG_WARN_BOOL_CONVERSION = YES;
				CLANG_WARN_COMMA = YES;
				CLANG_WARN_CONSTANT_CONVERSION = YES;
				CLANG_WARN_DEPRECATED_OBJC_IMPLEMENTATIONS = YES;
				CLANG_WARN_DIRECT_OBJC_ISA_USAGE = YES_ERROR;
				CLANG_WARN_DOCUMENTATION_COMMENTS = YES;
				CLANG_WARN_EMPTY_BODY = YES;
				CLANG_WARN_ENUM_CONVERSION = YES;
				CLANG_WARN_INFINITE_RECURSION = YES;
				CLANG_WARN_INT_CONVERSION = YES;
				CLANG_WARN_NON_LITERAL_NULL_CONVERSION = YES;
				CLANG_WARN_OBJC_IMPLICIT_RETAIN_SELF = YES;
				CLANG_WARN_OBJC_LITERAL_CONVERSION = YES;
				CLANG_WARN_OBJC_ROOT_CLASS = YES_ERROR;
				CLANG_WARN_QUOTED_INCLUDE_IN_FRAMEWORK_HEADER = YES;
				CLANG_WARN_RANGE_LOOP_ANALYSIS = YES;
				CLANG_WARN_STRICT_PROTOTYPES = YES;
				CLANG_WARN_SUSPICIOUS_MOVE = YES;
				CLANG_WARN_UNGUARDED_AVAILABILITY = YES_AGGRESSIVE;
				CLANG_WARN_UNREACHABLE_CODE = YES;
				CLANG_WARN__DUPLICATE_METHOD_MATCH = YES;
				COPY_PHASE_STRIP = NO;
				DEBUG_INFORMATION_FORMAT = dwarf;
				ENABLE_STRICT_OBJC_MSGSEND = YES;
				ENABLE_TESTABILITY = YES;
				GCC_C_LANGUAGE_STANDARD = gnu11;
				GCC_DYNAMIC_NO_PIC = NO;
				GCC_NO_COMMON_BLOCKS = YES;
				GCC_OPTIMIZATION_LEVEL = 0;
				GCC_PREPROCESSOR_DEFINITIONS = (
					"DEBUG=1",
					"$(inherited)",
				);
				GCC_WARN_64_TO_32_BIT_CONVERSION = YES;
				GCC_WARN_ABOUT_RETURN_TYPE = YES_ERROR;
				GCC_WARN_UNDECLARED_SELECTOR = YES;
				GCC_WARN_UNINITIALIZED_AUTOS = YES_AGGRESSIVE;
				GCC_WARN_UNUSED_FUNCTION = YES;
				GCC_WARN_UNUSED_VARIABLE = YES;
				IPHONEOS_DEPLOYMENT_TARGET = 14.5;
				MTL_ENABLE_DEBUG_INFO = INCLUDE_SOURCE;
				MTL_FAST_MATH = YES;
				ONLY_ACTIVE_ARCH = YES;
				SDKROOT = iphoneos;
				SWIFT_ACTIVE_COMPILATION_CONDITIONS = DEBUG;
				SWIFT_OPTIMIZATION_LEVEL = "-Onone";
			};
			name = Debug;
		};
		7E916AA727347D8B00185CA5 /* Release */ = {
			isa = XCBuildConfiguration;
			buildSettings = {
				ALWAYS_SEARCH_USER_PATHS = NO;
				CLANG_ANALYZER_NONNULL = YES;
				CLANG_ANALYZER_NUMBER_OBJECT_CONVERSION = YES_AGGRESSIVE;
				CLANG_CXX_LANGUAGE_STANDARD = "gnu++14";
				CLANG_CXX_LIBRARY = "libc++";
				CLANG_ENABLE_MODULES = YES;
				CLANG_ENABLE_OBJC_ARC = YES;
				CLANG_ENABLE_OBJC_WEAK = YES;
				CLANG_WARN_BLOCK_CAPTURE_AUTORELEASING = YES;
				CLANG_WARN_BOOL_CONVERSION = YES;
				CLANG_WARN_COMMA = YES;
				CLANG_WARN_CONSTANT_CONVERSION = YES;
				CLANG_WARN_DEPRECATED_OBJC_IMPLEMENTATIONS = YES;
				CLANG_WARN_DIRECT_OBJC_ISA_USAGE = YES_ERROR;
				CLANG_WARN_DOCUMENTATION_COMMENTS = YES;
				CLANG_WARN_EMPTY_BODY = YES;
				CLANG_WARN_ENUM_CONVERSION = YES;
				CLANG_WARN_INFINITE_RECURSION = YES;
				CLANG_WARN_INT_CONVERSION = YES;
				CLANG_WARN_NON_LITERAL_NULL_CONVERSION = YES;
				CLANG_WARN_OBJC_IMPLICIT_RETAIN_SELF = YES;
				CLANG_WARN_OBJC_LITERAL_CONVERSION = YES;
				CLANG_WARN_OBJC_ROOT_CLASS = YES_ERROR;
				CLANG_WARN_QUOTED_INCLUDE_IN_FRAMEWORK_HEADER = YES;
				CLANG_WARN_RANGE_LOOP_ANALYSIS = YES;
				CLANG_WARN_STRICT_PROTOTYPES = YES;
				CLANG_WARN_SUSPICIOUS_MOVE = YES;
				CLANG_WARN_UNGUARDED_AVAILABILITY = YES_AGGRESSIVE;
				CLANG_WARN_UNREACHABLE_CODE = YES;
				CLANG_WARN__DUPLICATE_METHOD_MATCH = YES;
				COPY_PHASE_STRIP = NO;
				DEBUG_INFORMATION_FORMAT = "dwarf-with-dsym";
				ENABLE_NS_ASSERTIONS = NO;
				ENABLE_STRICT_OBJC_MSGSEND = YES;
				GCC_C_LANGUAGE_STANDARD = gnu11;
				GCC_NO_COMMON_BLOCKS = YES;
				GCC_WARN_64_TO_32_BIT_CONVERSION = YES;
				GCC_WARN_ABOUT_RETURN_TYPE = YES_ERROR;
				GCC_WARN_UNDECLARED_SELECTOR = YES;
				GCC_WARN_UNINITIALIZED_AUTOS = YES_AGGRESSIVE;
				GCC_WARN_UNUSED_FUNCTION = YES;
				GCC_WARN_UNUSED_VARIABLE = YES;
				IPHONEOS_DEPLOYMENT_TARGET = 14.5;
				MTL_ENABLE_DEBUG_INFO = NO;
				MTL_FAST_MATH = YES;
				SDKROOT = iphoneos;
				SWIFT_COMPILATION_MODE = wholemodule;
				SWIFT_OPTIMIZATION_LEVEL = "-O";
				VALIDATE_PRODUCT = YES;
			};
			name = Release;
		};
		7E916AA927347D8B00185CA5 /* Debug */ = {
			isa = XCBuildConfiguration;
			buildSettings = {
				ASSETCATALOG_COMPILER_APPICON_NAME = AppIcon;
				ASSETCATALOG_COMPILER_GLOBAL_ACCENT_COLOR_NAME = AccentColor;
				CODE_SIGN_STYLE = Automatic;
				INFOPLIST_FILE = ChatNow/Info.plist;
				LD_RUNPATH_SEARCH_PATHS = (
					"$(inherited)",
					"@executable_path/Frameworks",
				);
				PRODUCT_BUNDLE_IDENTIFIER = com.ChatAppGroup.ChatNow;
				PRODUCT_NAME = "$(TARGET_NAME)";
				SWIFT_VERSION = 5.0;
				TARGETED_DEVICE_FAMILY = "1,2";
			};
			name = Debug;
		};
		7E916AAA27347D8B00185CA5 /* Release */ = {
			isa = XCBuildConfiguration;
			buildSettings = {
				ASSETCATALOG_COMPILER_APPICON_NAME = AppIcon;
				ASSETCATALOG_COMPILER_GLOBAL_ACCENT_COLOR_NAME = AccentColor;
				CODE_SIGN_STYLE = Automatic;
				INFOPLIST_FILE = ChatNow/Info.plist;
				LD_RUNPATH_SEARCH_PATHS = (
					"$(inherited)",
					"@executable_path/Frameworks",
				);
				PRODUCT_BUNDLE_IDENTIFIER = com.ChatAppGroup.ChatNow;
				PRODUCT_NAME = "$(TARGET_NAME)";
				SWIFT_VERSION = 5.0;
				TARGETED_DEVICE_FAMILY = "1,2";
			};
			name = Release;
		};
/* End XCBuildConfiguration section */

/* Begin XCConfigurationList section */
		7E916A8F27347D8900185CA5 /* Build configuration list for PBXProject "ChatNow" */ = {
			isa = XCConfigurationList;
			buildConfigurations = (
				7E916AA627347D8B00185CA5 /* Debug */,
				7E916AA727347D8B00185CA5 /* Release */,
			);
			defaultConfigurationIsVisible = 0;
			defaultConfigurationName = Release;
		};
		7E916AA827347D8B00185CA5 /* Build configuration list for PBXNativeTarget "ChatNow" */ = {
			isa = XCConfigurationList;
			buildConfigurations = (
				7E916AA927347D8B00185CA5 /* Debug */,
				7E916AAA27347D8B00185CA5 /* Release */,
			);
			defaultConfigurationIsVisible = 0;
			defaultConfigurationName = Release;
		};
/* End XCConfigurationList section */
	};
	rootObject = 7E916A8C27347D8900185CA5 /* Project object */;
}
